
Microsoft Visual Studio Solution File, Format Version 12.00
# Visual Studio 2012
Project("{FAE04EC0-301F-11D3-BF4B-00C04F79EFBC}") = "HomeSite", "HomeSite\HomeSite.csproj", "{D93D0814-4C76-438A-B13D-02B5A587D7A6}"
EndProject
Project("{CC5FD16D-436D-48AD-A40C-5A424C6E3E79}") = "HomeSiteCloud", "HomeSiteCloud\HomeSiteCloud.ccproj", "{4AB4A215-96F0-48DD-BD92-FA543C6059B7}"
EndProject
Project("{FAE04EC0-301F-11D3-BF4B-00C04F79EFBC}") = "HomeSite.Dal", "HomeSite.Dal\HomeSite.Dal.csproj", "{0C717F79-03F1-4746-A644-F2FBADFE1ADB}"
EndProject
Project("{FAE04EC0-301F-11D3-BF4B-00C04F79EFBC}") = "HomeSite.Tests", "HomeSite.Tests\HomeSite.Tests.csproj", "{44A12AA8-E3EB-449D-B37B-E046D96AF15E}"
EndProject
Project("{FAE04EC0-301F-11D3-BF4B-00C04F79EFBC}") = "HomeSite.Common", "HomeSite.Common\HomeSite.Common.csproj", "{DAB01304-4593-49E7-BA71-32871FC96FCD}"
EndProject
Global
	GlobalSection(SolutionConfigurationPlatforms) = preSolution
		Debug|Any CPU = Debug|Any CPU
		Release|Any CPU = Release|Any CPU
	EndGlobalSection
	GlobalSection(ProjectConfigurationPlatforms) = postSolution
		{D93D0814-4C76-438A-B13D-02B5A587D7A6}.Debug|Any CPU.ActiveCfg = Debug|Any CPU
		{D93D0814-4C76-438A-B13D-02B5A587D7A6}.Debug|Any CPU.Build.0 = Debug|Any CPU
		{D93D0814-4C76-438A-B13D-02B5A587D7A6}.Release|Any CPU.ActiveCfg = Release|Any CPU
		{D93D0814-4C76-438A-B13D-02B5A587D7A6}.Release|Any CPU.Build.0 = Release|Any CPU
		{4AB4A215-96F0-48DD-BD92-FA543C6059B7}.Debug|Any CPU.ActiveCfg = Debug|Any CPU
		{4AB4A215-96F0-48DD-BD92-FA543C6059B7}.Debug|Any CPU.Build.0 = Debug|Any CPU
		{4AB4A215-96F0-48DD-BD92-FA543C6059B7}.Release|Any CPU.ActiveCfg = Release|Any CPU
		{4AB4A215-96F0-48DD-BD92-FA543C6059B7}.Release|Any CPU.Build.0 = Release|Any CPU
		{0C717F79-03F1-4746-A644-F2FBADFE1ADB}.Debug|Any CPU.ActiveCfg = Debug|Any CPU
		{0C717F79-03F1-4746-A644-F2FBADFE1ADB}.Debug|Any CPU.Build.0 = Debug|Any CPU
		{0C717F79-03F1-4746-A644-F2FBADFE1ADB}.Release|Any CPU.ActiveCfg = Release|Any CPU
		{0C717F79-03F1-4746-A644-F2FBADFE1ADB}.Release|Any CPU.Build.0 = Release|Any CPU
		{44A12AA8-E3EB-449D-B37B-E046D96AF15E}.Debug|Any CPU.ActiveCfg = Debug|Any CPU
		{44A12AA8-E3EB-449D-B37B-E046D96AF15E}.Debug|Any CPU.Build.0 = Debug|Any CPU
		{44A12AA8-E3EB-449D-B37B-E046D96AF15E}.Release|Any CPU.ActiveCfg = Release|Any CPU
		{44A12AA8-E3EB-449D-B37B-E046D96AF15E}.Release|Any CPU.Build.0 = Release|Any CPU
		{DAB01304-4593-49E7-BA71-32871FC96FCD}.Debug|Any CPU.ActiveCfg = Debug|Any CPU
		{DAB01304-4593-49E7-BA71-32871FC96FCD}.Debug|Any CPU.Build.0 = Debug|Any CPU
		{DAB01304-4593-49E7-BA71-32871FC96FCD}.Release|Any CPU.ActiveCfg = Release|Any CPU
		{DAB01304-4593-49E7-BA71-32871FC96FCD}.Release|Any CPU.Build.0 = Release|Any CPU
	EndGlobalSection
	GlobalSection(SolutionProperties) = preSolution
		HideSolutionNode = FALSE
	EndGlobalSection
EndGlobal
